// !$*UTF8*$!
{
	archiveVersion = 1;
	classes = {
	};
	objectVersion = 56;
	objects = {

/* Begin PBXBuildFile section */
		D0267DF62A8F09490079F90E /* MainViewModel.swift in Sources */ = {isa = PBXBuildFile; fileRef = D0267DF52A8F09490079F90E /* MainViewModel.swift */; };
		D0267DF92A9073EA0079F90E /* NotesView.swift in Sources */ = {isa = PBXBuildFile; fileRef = D0267DF82A9073EA0079F90E /* NotesView.swift */; };
		D0267DFE2A912D080079F90E /* NoteRow.swift in Sources */ = {isa = PBXBuildFile; fileRef = D0267DFC2A912D080079F90E /* NoteRow.swift */; };
		D0267E002A912DDB0079F90E /* NotesViewModel.swift in Sources */ = {isa = PBXBuildFile; fileRef = D0267DFF2A912DDB0079F90E /* NotesViewModel.swift */; };
		D0267E042A91300C0079F90E /* Note.swift in Sources */ = {isa = PBXBuildFile; fileRef = D0267E032A91300C0079F90E /* Note.swift */; };
		D036B4C02A8AE92E007F121C /* GoogleService-Info.plist in Resources */ = {isa = PBXBuildFile; fileRef = D036B4BF2A8AE92D007F121C /* GoogleService-Info.plist */; };
		D036B4C22A8AF128007F121C /* AppDelegate.swift in Sources */ = {isa = PBXBuildFile; fileRef = D036B4C12A8AF128007F121C /* AppDelegate.swift */; };
		D036B4C42A8AF590007F121C /* MainView.swift in Sources */ = {isa = PBXBuildFile; fileRef = D036B4C32A8AF590007F121C /* MainView.swift */; };
		D04005002ABA6C1200A9DEE2 /* NoteCardView.swift in Sources */ = {isa = PBXBuildFile; fileRef = D04004FF2ABA6C1200A9DEE2 /* NoteCardView.swift */; };
		D048A6BC2ACB7CC400D5B92E /* NotesService.swift in Sources */ = {isa = PBXBuildFile; fileRef = D048A6BB2ACB7CC400D5B92E /* NotesService.swift */; };
		D048A6BE2ACB81F500D5B92E /* DailyEndpoint.swift in Sources */ = {isa = PBXBuildFile; fileRef = D048A6BD2ACB81F500D5B92E /* DailyEndpoint.swift */; };
		D048A6C02ACB8A1200D5B92E /* FirestoreEndpointExtension.swift in Sources */ = {isa = PBXBuildFile; fileRef = D048A6BF2ACB8A1200D5B92E /* FirestoreEndpointExtension.swift */; };
		D048A6C22ACB9C1600D5B92E /* TaskModel.swift in Sources */ = {isa = PBXBuildFile; fileRef = D048A6C12ACB9C1600D5B92E /* TaskModel.swift */; };
		D048A6C82ACBC87500D5B92E /* ToDoListView.swift in Sources */ = {isa = PBXBuildFile; fileRef = D048A6C72ACBC87500D5B92E /* ToDoListView.swift */; };
		D048A6CD2ACBCFA300D5B92E /* BoardNoteView.swift in Sources */ = {isa = PBXBuildFile; fileRef = D048A6CC2ACBCFA300D5B92E /* BoardNoteView.swift */; };
		D048A6CF2ACBD00000D5B92E /* BoardNoteViewModel.swift in Sources */ = {isa = PBXBuildFile; fileRef = D048A6CE2ACBD00000D5B92E /* BoardNoteViewModel.swift */; };
		D048A6D52ACBD4E200D5B92E /* BoardNoteBuilder.swift in Sources */ = {isa = PBXBuildFile; fileRef = D048A6D42ACBD4E200D5B92E /* BoardNoteBuilder.swift */; };
		D04C5B192AC4C1D6002D4A2A /* FirestoreService in Frameworks */ = {isa = PBXBuildFile; productRef = D04C5B182AC4C1D6002D4A2A /* FirestoreService */; };
		D06F591E2AB7DB6D00E2510F /* SecondaryButton.swift in Sources */ = {isa = PBXBuildFile; fileRef = D06F591D2AB7DB6D00E2510F /* SecondaryButton.swift */; };
		D06F59202AB8BDF700E2510F /* BoardColumnView.swift in Sources */ = {isa = PBXBuildFile; fileRef = D06F591F2AB8BDF700E2510F /* BoardColumnView.swift */; };
		D06F59222AB8C02500E2510F /* BoardColumn.swift in Sources */ = {isa = PBXBuildFile; fileRef = D06F59212AB8C02500E2510F /* BoardColumn.swift */; };
		D0907A552AB108FE00353AAA /* DailyService.swift in Sources */ = {isa = PBXBuildFile; fileRef = D0907A542AB108FE00353AAA /* DailyService.swift */; };
		D092C5CD2AC335A6000EFD71 /* NotesEndpoint.swift in Sources */ = {isa = PBXBuildFile; fileRef = D092C5CC2AC335A6000EFD71 /* NotesEndpoint.swift */; };
		D098D8192A84330D005E534C /* OffsetKey.swift in Sources */ = {isa = PBXBuildFile; fileRef = D098D8182A84330D005E534C /* OffsetKey.swift */; };
		D098D81B2A843570005E534C /* DailyViewModel.swift in Sources */ = {isa = PBXBuildFile; fileRef = D098D81A2A843570005E534C /* DailyViewModel.swift */; };
		D098D83B2A85A17C005E534C /* CustomDateView.swift in Sources */ = {isa = PBXBuildFile; fileRef = D098D83A2A85A17C005E534C /* CustomDateView.swift */; };
		D098D83D2A85A396005E534C /* WeekSliderView.swift in Sources */ = {isa = PBXBuildFile; fileRef = D098D83C2A85A396005E534C /* WeekSliderView.swift */; };
		D0A3315B2AB4EAC00047FA20 /* LayeredBackground.swift in Sources */ = {isa = PBXBuildFile; fileRef = D0A3315A2AB4EAC00047FA20 /* LayeredBackground.swift */; };
		D0A3315E2AB5058B0047FA20 /* Algorithms in Frameworks */ = {isa = PBXBuildFile; productRef = D0A3315D2AB5058B0047FA20 /* Algorithms */; };
		D0A94FCE2A91AB9E00656814 /* IconView.swift in Sources */ = {isa = PBXBuildFile; fileRef = D0A94FCD2A91AB9E00656814 /* IconView.swift */; };
		D0A94FD12A91B12F00656814 /* EmojiPicker in Frameworks */ = {isa = PBXBuildFile; productRef = D0A94FD02A91B12F00656814 /* EmojiPicker */; };
		D0B3B0C52A8A938C001B14D1 /* GoogleSignIn in Frameworks */ = {isa = PBXBuildFile; productRef = D0B3B0C42A8A938C001B14D1 /* GoogleSignIn */; };
		D0B3B0C72A8A938C001B14D1 /* GoogleSignInSwift in Frameworks */ = {isa = PBXBuildFile; productRef = D0B3B0C62A8A938C001B14D1 /* GoogleSignInSwift */; };
		D0B3B0CE2A8A9A94001B14D1 /* SignInWithButton.swift in Sources */ = {isa = PBXBuildFile; fileRef = D0B3B0CD2A8A9A94001B14D1 /* SignInWithButton.swift */; };
		D0C5F7302A981FDA00D5CE44 /* WidgetKit.framework in Frameworks */ = {isa = PBXBuildFile; fileRef = D0C5F72F2A981FDA00D5CE44 /* WidgetKit.framework */; };
		D0C5F7322A981FDA00D5CE44 /* SwiftUI.framework in Frameworks */ = {isa = PBXBuildFile; fileRef = D0C5F7312A981FDA00D5CE44 /* SwiftUI.framework */; };
		D0C5F7352A981FDA00D5CE44 /* TaskCycleWidgetBundle.swift in Sources */ = {isa = PBXBuildFile; fileRef = D0C5F7342A981FDA00D5CE44 /* TaskCycleWidgetBundle.swift */; };
		D0C5F7372A981FDA00D5CE44 /* TaskCycleWidget.swift in Sources */ = {isa = PBXBuildFile; fileRef = D0C5F7362A981FDA00D5CE44 /* TaskCycleWidget.swift */; };
		D0C5F7392A981FDB00D5CE44 /* Assets.xcassets in Resources */ = {isa = PBXBuildFile; fileRef = D0C5F7382A981FDB00D5CE44 /* Assets.xcassets */; };
		D0C5F73D2A981FDB00D5CE44 /* TaskCycleWidgetExtension.appex in Embed Foundation Extensions */ = {isa = PBXBuildFile; fileRef = D0C5F72D2A981FDA00D5CE44 /* TaskCycleWidgetExtension.appex */; settings = {ATTRIBUTES = (RemoveHeadersOnCopy, ); }; };
		D0C996912A86C4D80085481B /* ToDoRow.swift in Sources */ = {isa = PBXBuildFile; fileRef = D0C996902A86C4D80085481B /* ToDoRow.swift */; };
		D0C996932A86D74B0085481B /* KeyboardButton.swift in Sources */ = {isa = PBXBuildFile; fileRef = D0C996922A86D74B0085481B /* KeyboardButton.swift */; };
		D0C996962A886FF20085481B /* SettingsView.swift in Sources */ = {isa = PBXBuildFile; fileRef = D0C996952A886FF20085481B /* SettingsView.swift */; };
		D0DA8B972A7D7DAF00458284 /* TaskCycleApp.swift in Sources */ = {isa = PBXBuildFile; fileRef = D0DA8B962A7D7DAF00458284 /* TaskCycleApp.swift */; };
		D0DA8B9B2A7D7DB000458284 /* Assets.xcassets in Resources */ = {isa = PBXBuildFile; fileRef = D0DA8B9A2A7D7DB000458284 /* Assets.xcassets */; };
		D0DA8B9E2A7D7DB000458284 /* Preview Assets.xcassets in Resources */ = {isa = PBXBuildFile; fileRef = D0DA8B9D2A7D7DB000458284 /* Preview Assets.xcassets */; };
		D0DA8BA82A7D80DE00458284 /* FirebaseAuth in Frameworks */ = {isa = PBXBuildFile; productRef = D0DA8BA72A7D80DE00458284 /* FirebaseAuth */; };
		D0DA8BAA2A7D80DE00458284 /* FirebaseFirestore in Frameworks */ = {isa = PBXBuildFile; productRef = D0DA8BA92A7D80DE00458284 /* FirebaseFirestore */; };
		D0DA8BAC2A7D80DE00458284 /* FirebaseFirestoreSwift in Frameworks */ = {isa = PBXBuildFile; productRef = D0DA8BAB2A7D80DE00458284 /* FirebaseFirestoreSwift */; };
		D0DCCE532AB76F2400276F1D /* NoteView.swift in Sources */ = {isa = PBXBuildFile; fileRef = D0DCCE522AB76F2400276F1D /* NoteView.swift */; };
		D0DCCE552AB76F4D00276F1D /* NoteViewModel.swift in Sources */ = {isa = PBXBuildFile; fileRef = D0DCCE542AB76F4D00276F1D /* NoteViewModel.swift */; };
		D0DCCE572AB7833C00276F1D /* NoteBuilder.swift in Sources */ = {isa = PBXBuildFile; fileRef = D0DCCE562AB7833C00276F1D /* NoteBuilder.swift */; };
		D0E746392AB3FAB80025A0C7 /* SwiftKeychainWrapper in Frameworks */ = {isa = PBXBuildFile; productRef = D0E746382AB3FAB80025A0C7 /* SwiftKeychainWrapper */; };
		D0ED2EB82A802BA700828887 /* TextFieldView.swift in Sources */ = {isa = PBXBuildFile; fileRef = D0ED2EB02A802BA700828887 /* TextFieldView.swift */; };
		D0ED2EB92A802BA700828887 /* PlusButton.swift in Sources */ = {isa = PBXBuildFile; fileRef = D0ED2EB12A802BA700828887 /* PlusButton.swift */; };
		D0ED2EBB2A802BA700828887 /* PrimaryButton.swift in Sources */ = {isa = PBXBuildFile; fileRef = D0ED2EB32A802BA700828887 /* PrimaryButton.swift */; };
		D0ED2EBC2A802BA700828887 /* ToggleButton.swift in Sources */ = {isa = PBXBuildFile; fileRef = D0ED2EB42A802BA700828887 /* ToggleButton.swift */; };
		D0ED2EBE2A802BA700828887 /* GradientView.swift in Sources */ = {isa = PBXBuildFile; fileRef = D0ED2EB62A802BA700828887 /* GradientView.swift */; };
		D0ED2EBF2A802BA700828887 /* LoadingView.swift in Sources */ = {isa = PBXBuildFile; fileRef = D0ED2EB72A802BA700828887 /* LoadingView.swift */; };
		D0ED2EC72A802BE900828887 /* LoginViewModel.swift in Sources */ = {isa = PBXBuildFile; fileRef = D0ED2EC32A802BE900828887 /* LoginViewModel.swift */; };
		D0ED2EC82A802BE900828887 /* LoginView.swift in Sources */ = {isa = PBXBuildFile; fileRef = D0ED2EC42A802BE900828887 /* LoginView.swift */; };
		D0ED2ECC2A802C1200828887 /* StatefulPreviewWrapper.swift in Sources */ = {isa = PBXBuildFile; fileRef = D0ED2ECA2A802C1200828887 /* StatefulPreviewWrapper.swift */; };
		D0ED2ECD2A802C1200828887 /* ScreenSize.swift in Sources */ = {isa = PBXBuildFile; fileRef = D0ED2ECB2A802C1200828887 /* ScreenSize.swift */; };
		D0ED2ED42A802C4600828887 /* RegisterViewModel.swift in Sources */ = {isa = PBXBuildFile; fileRef = D0ED2ED02A802C4600828887 /* RegisterViewModel.swift */; };
		D0ED2ED52A802C4600828887 /* RegisterView.swift in Sources */ = {isa = PBXBuildFile; fileRef = D0ED2ED32A802C4600828887 /* RegisterView.swift */; };
		D0ED2EE02A802D4400828887 /* EncodableExtension.swift in Sources */ = {isa = PBXBuildFile; fileRef = D0ED2EDC2A802D4400828887 /* EncodableExtension.swift */; };
		D0ED2EE12A802D4400828887 /* BindingExtension.swift in Sources */ = {isa = PBXBuildFile; fileRef = D0ED2EDD2A802D4400828887 /* BindingExtension.swift */; };
		D0ED2EE22A802D4400828887 /* AlignmentExtension.swift in Sources */ = {isa = PBXBuildFile; fileRef = D0ED2EDE2A802D4400828887 /* AlignmentExtension.swift */; };
		D0ED2EE32A802D4400828887 /* PreferenceKeyExtension.swift in Sources */ = {isa = PBXBuildFile; fileRef = D0ED2EDF2A802D4400828887 /* PreferenceKeyExtension.swift */; };
		D0ED2EE82A802D7800828887 /* WeekDay.swift in Sources */ = {isa = PBXBuildFile; fileRef = D0ED2EE52A802D7800828887 /* WeekDay.swift */; };
		D0ED2EE92A802D7800828887 /* User.swift in Sources */ = {isa = PBXBuildFile; fileRef = D0ED2EE62A802D7800828887 /* User.swift */; };
		D0ED2EEA2A802D7800828887 /* ToDoItem.swift in Sources */ = {isa = PBXBuildFile; fileRef = D0ED2EE72A802D7800828887 /* ToDoItem.swift */; };
		D0ED2EEC2A802EB000828887 /* LogoView.swift in Sources */ = {isa = PBXBuildFile; fileRef = D0ED2EEB2A802EB000828887 /* LogoView.swift */; };
		D0ED2EEE2A80330D00828887 /* DailyView.swift in Sources */ = {isa = PBXBuildFile; fileRef = D0ED2EED2A80330D00828887 /* DailyView.swift */; };
		D0ED2EF62A81A2D600828887 /* ColorExtension.swift in Sources */ = {isa = PBXBuildFile; fileRef = D0ED2EF52A81A2D600828887 /* ColorExtension.swift */; };
		D0ED2EF82A81A86600828887 /* ViewExtension.swift in Sources */ = {isa = PBXBuildFile; fileRef = D0ED2EF72A81A86600828887 /* ViewExtension.swift */; };
		D0ED2EFC2A81AA2500828887 /* DateExtension.swift in Sources */ = {isa = PBXBuildFile; fileRef = D0ED2EFB2A81AA2500828887 /* DateExtension.swift */; };
		D0ED2EFE2A81B20000828887 /* ProfileImage.swift in Sources */ = {isa = PBXBuildFile; fileRef = D0ED2EFD2A81B20000828887 /* ProfileImage.swift */; };
/* End PBXBuildFile section */

/* Begin PBXContainerItemProxy section */
		D0C5F73B2A981FDB00D5CE44 /* PBXContainerItemProxy */ = {
			isa = PBXContainerItemProxy;
			containerPortal = D0DA8B8B2A7D7DAE00458284 /* Project object */;
			proxyType = 1;
			remoteGlobalIDString = D0C5F72C2A981FDA00D5CE44;
			remoteInfo = TaskCycleWidgetExtension;
		};
/* End PBXContainerItemProxy section */

/* Begin PBXCopyFilesBuildPhase section */
		D0C5F73E2A981FDB00D5CE44 /* Embed Foundation Extensions */ = {
			isa = PBXCopyFilesBuildPhase;
			buildActionMask = 2147483647;
			dstPath = "";
			dstSubfolderSpec = 13;
			files = (
				D0C5F73D2A981FDB00D5CE44 /* TaskCycleWidgetExtension.appex in Embed Foundation Extensions */,
			);
			name = "Embed Foundation Extensions";
			runOnlyForDeploymentPostprocessing = 0;
		};
/* End PBXCopyFilesBuildPhase section */

/* Begin PBXFileReference section */
		D0267DF52A8F09490079F90E /* MainViewModel.swift */ = {isa = PBXFileReference; lastKnownFileType = sourcecode.swift; path = MainViewModel.swift; sourceTree = "<group>"; };
		D0267DF82A9073EA0079F90E /* NotesView.swift */ = {isa = PBXFileReference; lastKnownFileType = sourcecode.swift; path = NotesView.swift; sourceTree = "<group>"; };
		D0267DFC2A912D080079F90E /* NoteRow.swift */ = {isa = PBXFileReference; fileEncoding = 4; lastKnownFileType = sourcecode.swift; path = NoteRow.swift; sourceTree = "<group>"; };
		D0267DFF2A912DDB0079F90E /* NotesViewModel.swift */ = {isa = PBXFileReference; lastKnownFileType = sourcecode.swift; path = NotesViewModel.swift; sourceTree = "<group>"; };
		D0267E032A91300C0079F90E /* Note.swift */ = {isa = PBXFileReference; lastKnownFileType = sourcecode.swift; path = Note.swift; sourceTree = "<group>"; };
		D036B4BF2A8AE92D007F121C /* GoogleService-Info.plist */ = {isa = PBXFileReference; fileEncoding = 4; lastKnownFileType = text.plist.xml; path = "GoogleService-Info.plist"; sourceTree = "<group>"; };
		D036B4C12A8AF128007F121C /* AppDelegate.swift */ = {isa = PBXFileReference; lastKnownFileType = sourcecode.swift; path = AppDelegate.swift; sourceTree = "<group>"; };
		D036B4C32A8AF590007F121C /* MainView.swift */ = {isa = PBXFileReference; lastKnownFileType = sourcecode.swift; path = MainView.swift; sourceTree = "<group>"; };
		D04004FF2ABA6C1200A9DEE2 /* NoteCardView.swift */ = {isa = PBXFileReference; lastKnownFileType = sourcecode.swift; path = NoteCardView.swift; sourceTree = "<group>"; };
		D048A6BB2ACB7CC400D5B92E /* NotesService.swift */ = {isa = PBXFileReference; lastKnownFileType = sourcecode.swift; path = NotesService.swift; sourceTree = "<group>"; };
		D048A6BD2ACB81F500D5B92E /* DailyEndpoint.swift */ = {isa = PBXFileReference; lastKnownFileType = sourcecode.swift; path = DailyEndpoint.swift; sourceTree = "<group>"; };
		D048A6BF2ACB8A1200D5B92E /* FirestoreEndpointExtension.swift */ = {isa = PBXFileReference; lastKnownFileType = sourcecode.swift; path = FirestoreEndpointExtension.swift; sourceTree = "<group>"; };
		D048A6C12ACB9C1600D5B92E /* TaskModel.swift */ = {isa = PBXFileReference; lastKnownFileType = sourcecode.swift; path = TaskModel.swift; sourceTree = "<group>"; };
		D048A6C72ACBC87500D5B92E /* ToDoListView.swift */ = {isa = PBXFileReference; lastKnownFileType = sourcecode.swift; path = ToDoListView.swift; sourceTree = "<group>"; };
		D048A6CC2ACBCFA300D5B92E /* BoardNoteView.swift */ = {isa = PBXFileReference; lastKnownFileType = sourcecode.swift; path = BoardNoteView.swift; sourceTree = "<group>"; };
		D048A6CE2ACBD00000D5B92E /* BoardNoteViewModel.swift */ = {isa = PBXFileReference; lastKnownFileType = sourcecode.swift; path = BoardNoteViewModel.swift; sourceTree = "<group>"; };
		D048A6D42ACBD4E200D5B92E /* BoardNoteBuilder.swift */ = {isa = PBXFileReference; lastKnownFileType = sourcecode.swift; path = BoardNoteBuilder.swift; sourceTree = "<group>"; };
		D06F591D2AB7DB6D00E2510F /* SecondaryButton.swift */ = {isa = PBXFileReference; lastKnownFileType = sourcecode.swift; path = SecondaryButton.swift; sourceTree = "<group>"; };
		D06F591F2AB8BDF700E2510F /* BoardColumnView.swift */ = {isa = PBXFileReference; lastKnownFileType = sourcecode.swift; path = BoardColumnView.swift; sourceTree = "<group>"; };
		D06F59212AB8C02500E2510F /* BoardColumn.swift */ = {isa = PBXFileReference; lastKnownFileType = sourcecode.swift; path = BoardColumn.swift; sourceTree = "<group>"; };
		D0907A542AB108FE00353AAA /* DailyService.swift */ = {isa = PBXFileReference; lastKnownFileType = sourcecode.swift; path = DailyService.swift; sourceTree = "<group>"; };
		D092C5CC2AC335A6000EFD71 /* NotesEndpoint.swift */ = {isa = PBXFileReference; lastKnownFileType = sourcecode.swift; path = NotesEndpoint.swift; sourceTree = "<group>"; };
		D098D8182A84330D005E534C /* OffsetKey.swift */ = {isa = PBXFileReference; lastKnownFileType = sourcecode.swift; path = OffsetKey.swift; sourceTree = "<group>"; };
		D098D81A2A843570005E534C /* DailyViewModel.swift */ = {isa = PBXFileReference; lastKnownFileType = sourcecode.swift; path = DailyViewModel.swift; sourceTree = "<group>"; };
		D098D83A2A85A17C005E534C /* CustomDateView.swift */ = {isa = PBXFileReference; lastKnownFileType = sourcecode.swift; path = CustomDateView.swift; sourceTree = "<group>"; };
		D098D83C2A85A396005E534C /* WeekSliderView.swift */ = {isa = PBXFileReference; lastKnownFileType = sourcecode.swift; path = WeekSliderView.swift; sourceTree = "<group>"; };
		D0A3315A2AB4EAC00047FA20 /* LayeredBackground.swift */ = {isa = PBXFileReference; lastKnownFileType = sourcecode.swift; path = LayeredBackground.swift; sourceTree = "<group>"; };
		D0A94FCD2A91AB9E00656814 /* IconView.swift */ = {isa = PBXFileReference; lastKnownFileType = sourcecode.swift; path = IconView.swift; sourceTree = "<group>"; };
		D0B3B0CD2A8A9A94001B14D1 /* SignInWithButton.swift */ = {isa = PBXFileReference; lastKnownFileType = sourcecode.swift; path = SignInWithButton.swift; sourceTree = "<group>"; };
		D0C5F72D2A981FDA00D5CE44 /* TaskCycleWidgetExtension.appex */ = {isa = PBXFileReference; explicitFileType = "wrapper.app-extension"; includeInIndex = 0; path = TaskCycleWidgetExtension.appex; sourceTree = BUILT_PRODUCTS_DIR; };
		D0C5F72F2A981FDA00D5CE44 /* WidgetKit.framework */ = {isa = PBXFileReference; lastKnownFileType = wrapper.framework; name = WidgetKit.framework; path = System/Library/Frameworks/WidgetKit.framework; sourceTree = SDKROOT; };
		D0C5F7312A981FDA00D5CE44 /* SwiftUI.framework */ = {isa = PBXFileReference; lastKnownFileType = wrapper.framework; name = SwiftUI.framework; path = System/Library/Frameworks/SwiftUI.framework; sourceTree = SDKROOT; };
		D0C5F7342A981FDA00D5CE44 /* TaskCycleWidgetBundle.swift */ = {isa = PBXFileReference; lastKnownFileType = sourcecode.swift; path = TaskCycleWidgetBundle.swift; sourceTree = "<group>"; };
		D0C5F7362A981FDA00D5CE44 /* TaskCycleWidget.swift */ = {isa = PBXFileReference; lastKnownFileType = sourcecode.swift; path = TaskCycleWidget.swift; sourceTree = "<group>"; };
		D0C5F7382A981FDB00D5CE44 /* Assets.xcassets */ = {isa = PBXFileReference; lastKnownFileType = folder.assetcatalog; path = Assets.xcassets; sourceTree = "<group>"; };
		D0C5F73A2A981FDB00D5CE44 /* Info.plist */ = {isa = PBXFileReference; lastKnownFileType = text.plist.xml; path = Info.plist; sourceTree = "<group>"; };
		D0C996902A86C4D80085481B /* ToDoRow.swift */ = {isa = PBXFileReference; lastKnownFileType = sourcecode.swift; path = ToDoRow.swift; sourceTree = "<group>"; };
		D0C996922A86D74B0085481B /* KeyboardButton.swift */ = {isa = PBXFileReference; lastKnownFileType = sourcecode.swift; path = KeyboardButton.swift; sourceTree = "<group>"; };
		D0C996952A886FF20085481B /* SettingsView.swift */ = {isa = PBXFileReference; lastKnownFileType = sourcecode.swift; path = SettingsView.swift; sourceTree = "<group>"; };
		D0DA8B932A7D7DAF00458284 /* TaskCycle.app */ = {isa = PBXFileReference; explicitFileType = wrapper.application; includeInIndex = 0; path = TaskCycle.app; sourceTree = BUILT_PRODUCTS_DIR; };
		D0DA8B962A7D7DAF00458284 /* TaskCycleApp.swift */ = {isa = PBXFileReference; lastKnownFileType = sourcecode.swift; path = TaskCycleApp.swift; sourceTree = "<group>"; };
		D0DA8B9A2A7D7DB000458284 /* Assets.xcassets */ = {isa = PBXFileReference; lastKnownFileType = folder.assetcatalog; path = Assets.xcassets; sourceTree = "<group>"; };
		D0DA8B9D2A7D7DB000458284 /* Preview Assets.xcassets */ = {isa = PBXFileReference; lastKnownFileType = folder.assetcatalog; path = "Preview Assets.xcassets"; sourceTree = "<group>"; };
		D0DCCE522AB76F2400276F1D /* NoteView.swift */ = {isa = PBXFileReference; lastKnownFileType = sourcecode.swift; path = NoteView.swift; sourceTree = "<group>"; };
		D0DCCE542AB76F4D00276F1D /* NoteViewModel.swift */ = {isa = PBXFileReference; lastKnownFileType = sourcecode.swift; path = NoteViewModel.swift; sourceTree = "<group>"; };
		D0DCCE562AB7833C00276F1D /* NoteBuilder.swift */ = {isa = PBXFileReference; lastKnownFileType = sourcecode.swift; path = NoteBuilder.swift; sourceTree = "<group>"; };
		D0ED2EB02A802BA700828887 /* TextFieldView.swift */ = {isa = PBXFileReference; fileEncoding = 4; lastKnownFileType = sourcecode.swift; path = TextFieldView.swift; sourceTree = "<group>"; };
		D0ED2EB12A802BA700828887 /* PlusButton.swift */ = {isa = PBXFileReference; fileEncoding = 4; lastKnownFileType = sourcecode.swift; path = PlusButton.swift; sourceTree = "<group>"; };
		D0ED2EB32A802BA700828887 /* PrimaryButton.swift */ = {isa = PBXFileReference; fileEncoding = 4; lastKnownFileType = sourcecode.swift; path = PrimaryButton.swift; sourceTree = "<group>"; };
		D0ED2EB42A802BA700828887 /* ToggleButton.swift */ = {isa = PBXFileReference; fileEncoding = 4; lastKnownFileType = sourcecode.swift; path = ToggleButton.swift; sourceTree = "<group>"; };
		D0ED2EB62A802BA700828887 /* GradientView.swift */ = {isa = PBXFileReference; fileEncoding = 4; lastKnownFileType = sourcecode.swift; path = GradientView.swift; sourceTree = "<group>"; };
		D0ED2EB72A802BA700828887 /* LoadingView.swift */ = {isa = PBXFileReference; fileEncoding = 4; lastKnownFileType = sourcecode.swift; path = LoadingView.swift; sourceTree = "<group>"; };
		D0ED2EC32A802BE900828887 /* LoginViewModel.swift */ = {isa = PBXFileReference; fileEncoding = 4; lastKnownFileType = sourcecode.swift; path = LoginViewModel.swift; sourceTree = "<group>"; };
		D0ED2EC42A802BE900828887 /* LoginView.swift */ = {isa = PBXFileReference; fileEncoding = 4; lastKnownFileType = sourcecode.swift; path = LoginView.swift; sourceTree = "<group>"; };
		D0ED2ECA2A802C1200828887 /* StatefulPreviewWrapper.swift */ = {isa = PBXFileReference; fileEncoding = 4; lastKnownFileType = sourcecode.swift; path = StatefulPreviewWrapper.swift; sourceTree = "<group>"; };
		D0ED2ECB2A802C1200828887 /* ScreenSize.swift */ = {isa = PBXFileReference; fileEncoding = 4; lastKnownFileType = sourcecode.swift; path = ScreenSize.swift; sourceTree = "<group>"; };
		D0ED2ED02A802C4600828887 /* RegisterViewModel.swift */ = {isa = PBXFileReference; fileEncoding = 4; lastKnownFileType = sourcecode.swift; path = RegisterViewModel.swift; sourceTree = "<group>"; };
		D0ED2ED32A802C4600828887 /* RegisterView.swift */ = {isa = PBXFileReference; fileEncoding = 4; lastKnownFileType = sourcecode.swift; path = RegisterView.swift; sourceTree = "<group>"; };
		D0ED2EDC2A802D4400828887 /* EncodableExtension.swift */ = {isa = PBXFileReference; fileEncoding = 4; lastKnownFileType = sourcecode.swift; path = EncodableExtension.swift; sourceTree = "<group>"; };
		D0ED2EDD2A802D4400828887 /* BindingExtension.swift */ = {isa = PBXFileReference; fileEncoding = 4; lastKnownFileType = sourcecode.swift; path = BindingExtension.swift; sourceTree = "<group>"; };
		D0ED2EDE2A802D4400828887 /* AlignmentExtension.swift */ = {isa = PBXFileReference; fileEncoding = 4; lastKnownFileType = sourcecode.swift; path = AlignmentExtension.swift; sourceTree = "<group>"; };
		D0ED2EDF2A802D4400828887 /* PreferenceKeyExtension.swift */ = {isa = PBXFileReference; fileEncoding = 4; lastKnownFileType = sourcecode.swift; path = PreferenceKeyExtension.swift; sourceTree = "<group>"; };
		D0ED2EE52A802D7800828887 /* WeekDay.swift */ = {isa = PBXFileReference; fileEncoding = 4; lastKnownFileType = sourcecode.swift; path = WeekDay.swift; sourceTree = "<group>"; };
		D0ED2EE62A802D7800828887 /* User.swift */ = {isa = PBXFileReference; fileEncoding = 4; lastKnownFileType = sourcecode.swift; path = User.swift; sourceTree = "<group>"; };
		D0ED2EE72A802D7800828887 /* ToDoItem.swift */ = {isa = PBXFileReference; fileEncoding = 4; lastKnownFileType = sourcecode.swift; path = ToDoItem.swift; sourceTree = "<group>"; };
		D0ED2EEB2A802EB000828887 /* LogoView.swift */ = {isa = PBXFileReference; lastKnownFileType = sourcecode.swift; path = LogoView.swift; sourceTree = "<group>"; };
		D0ED2EED2A80330D00828887 /* DailyView.swift */ = {isa = PBXFileReference; lastKnownFileType = sourcecode.swift; path = DailyView.swift; sourceTree = "<group>"; };
		D0ED2EF52A81A2D600828887 /* ColorExtension.swift */ = {isa = PBXFileReference; lastKnownFileType = sourcecode.swift; path = ColorExtension.swift; sourceTree = "<group>"; };
		D0ED2EF72A81A86600828887 /* ViewExtension.swift */ = {isa = PBXFileReference; lastKnownFileType = sourcecode.swift; path = ViewExtension.swift; sourceTree = "<group>"; };
		D0ED2EFB2A81AA2500828887 /* DateExtension.swift */ = {isa = PBXFileReference; lastKnownFileType = sourcecode.swift; path = DateExtension.swift; sourceTree = "<group>"; };
		D0ED2EFD2A81B20000828887 /* ProfileImage.swift */ = {isa = PBXFileReference; lastKnownFileType = sourcecode.swift; path = ProfileImage.swift; sourceTree = "<group>"; };
/* End PBXFileReference section */

/* Begin PBXFrameworksBuildPhase section */
		D0C5F72A2A981FDA00D5CE44 /* Frameworks */ = {
			isa = PBXFrameworksBuildPhase;
			buildActionMask = 2147483647;
			files = (
				D0C5F7322A981FDA00D5CE44 /* SwiftUI.framework in Frameworks */,
				D0C5F7302A981FDA00D5CE44 /* WidgetKit.framework in Frameworks */,
			);
			runOnlyForDeploymentPostprocessing = 0;
		};
		D0DA8B902A7D7DAF00458284 /* Frameworks */ = {
			isa = PBXFrameworksBuildPhase;
			buildActionMask = 2147483647;
			files = (
				D0B3B0C72A8A938C001B14D1 /* GoogleSignInSwift in Frameworks */,
				D0DA8BA82A7D80DE00458284 /* FirebaseAuth in Frameworks */,
				D0B3B0C52A8A938C001B14D1 /* GoogleSignIn in Frameworks */,
				D0A94FD12A91B12F00656814 /* EmojiPicker in Frameworks */,
				D04C5B192AC4C1D6002D4A2A /* FirestoreService in Frameworks */,
				D0A3315E2AB5058B0047FA20 /* Algorithms in Frameworks */,
				D0DA8BAA2A7D80DE00458284 /* FirebaseFirestore in Frameworks */,
				D0DA8BAC2A7D80DE00458284 /* FirebaseFirestoreSwift in Frameworks */,
				D0E746392AB3FAB80025A0C7 /* SwiftKeychainWrapper in Frameworks */,
			);
			runOnlyForDeploymentPostprocessing = 0;
		};
/* End PBXFrameworksBuildPhase section */

/* Begin PBXGroup section */
		D0267DF72A9073DD0079F90E /* Notes */ = {
			isa = PBXGroup;
			children = (
				D0267DF82A9073EA0079F90E /* NotesView.swift */,
				D0267DFF2A912DDB0079F90E /* NotesViewModel.swift */,
				D0267E0C2A9132690079F90E /* Subviews */,
			);
			path = Notes;
			sourceTree = "<group>";
		};
		D0267E0C2A9132690079F90E /* Subviews */ = {
			isa = PBXGroup;
			children = (
				D0A94FCD2A91AB9E00656814 /* IconView.swift */,
				D0267DFC2A912D080079F90E /* NoteRow.swift */,
			);
			path = Subviews;
			sourceTree = "<group>";
		};
		D0267E0D2A91343A0079F90E /* Main */ = {
			isa = PBXGroup;
			children = (
				D036B4C32A8AF590007F121C /* MainView.swift */,
				D0267DF52A8F09490079F90E /* MainViewModel.swift */,
			);
			path = Main;
			sourceTree = "<group>";
		};
		D048A6BA2ACB7C5600D5B92E /* Services */ = {
			isa = PBXGroup;
			children = (
				D048A6BB2ACB7CC400D5B92E /* NotesService.swift */,
				D0907A542AB108FE00353AAA /* DailyService.swift */,
			);
			path = Services;
			sourceTree = "<group>";
		};
		D0907A532AB1073100353AAA /* Models */ = {
			isa = PBXGroup;
			children = (
				D0ED2EE52A802D7800828887 /* WeekDay.swift */,
				D0ED2EE62A802D7800828887 /* User.swift */,
				D0267E032A91300C0079F90E /* Note.swift */,
				D06F59212AB8C02500E2510F /* BoardColumn.swift */,
				D0ED2EE72A802D7800828887 /* ToDoItem.swift */,
				D048A6C12ACB9C1600D5B92E /* TaskModel.swift */,
			);
			path = Models;
			sourceTree = "<group>";
		};
		D092C5CB2AC3359A000EFD71 /* Endpoints */ = {
			isa = PBXGroup;
			children = (
				D092C5CC2AC335A6000EFD71 /* NotesEndpoint.swift */,
				D048A6BD2ACB81F500D5B92E /* DailyEndpoint.swift */,
			);
			path = Endpoints;
			sourceTree = "<group>";
		};
		D0C5F72E2A981FDA00D5CE44 /* Frameworks */ = {
			isa = PBXGroup;
			children = (
				D0C5F72F2A981FDA00D5CE44 /* WidgetKit.framework */,
				D0C5F7312A981FDA00D5CE44 /* SwiftUI.framework */,
			);
			name = Frameworks;
			sourceTree = "<group>";
		};
		D0C5F7332A981FDA00D5CE44 /* TaskCycleWidget */ = {
			isa = PBXGroup;
			children = (
				D0C5F7342A981FDA00D5CE44 /* TaskCycleWidgetBundle.swift */,
				D0C5F7362A981FDA00D5CE44 /* TaskCycleWidget.swift */,
				D0C5F7382A981FDB00D5CE44 /* Assets.xcassets */,
				D0C5F73A2A981FDB00D5CE44 /* Info.plist */,
			);
			path = TaskCycleWidget;
			sourceTree = "<group>";
		};
		D0C996942A886FE30085481B /* Settings */ = {
			isa = PBXGroup;
			children = (
				D0C996952A886FF20085481B /* SettingsView.swift */,
			);
			path = Settings;
			sourceTree = "<group>";
		};
		D0DA8B8A2A7D7DAE00458284 = {
			isa = PBXGroup;
			children = (
				D0DA8B952A7D7DAF00458284 /* TaskCycle */,
				D0C5F7332A981FDA00D5CE44 /* TaskCycleWidget */,
				D0C5F72E2A981FDA00D5CE44 /* Frameworks */,
				D0DA8B942A7D7DAF00458284 /* Products */,
			);
			sourceTree = "<group>";
		};
		D0DA8B942A7D7DAF00458284 /* Products */ = {
			isa = PBXGroup;
			children = (
				D0DA8B932A7D7DAF00458284 /* TaskCycle.app */,
				D0C5F72D2A981FDA00D5CE44 /* TaskCycleWidgetExtension.appex */,
			);
			name = Products;
			sourceTree = "<group>";
		};
		D0DA8B952A7D7DAF00458284 /* TaskCycle */ = {
			isa = PBXGroup;
			children = (
				D036B4BF2A8AE92D007F121C /* GoogleService-Info.plist */,
				D0ED2EA22A802AE300828887 /* App */,
				D0ED2EE42A802D7800828887 /* Data */,
				D0ED2EAD2A802B9B00828887 /* UI */,
				D0ED2EC02A802BC400828887 /* Resources */,
				D0ED2EDB2A802D4400828887 /* Extensions */,
				D0ED2EC92A802C1200828887 /* Utils */,
				D0DA8B9C2A7D7DB000458284 /* Preview Content */,
			);
			path = TaskCycle;
			sourceTree = "<group>";
		};
		D0DA8B9C2A7D7DB000458284 /* Preview Content */ = {
			isa = PBXGroup;
			children = (
				D0DA8B9D2A7D7DB000458284 /* Preview Assets.xcassets */,
			);
			path = "Preview Content";
			sourceTree = "<group>";
		};
		D0DCCE4C2AB65DA500276F1D /* BoardSubViews */ = {
			isa = PBXGroup;
			children = (
				D06F591F2AB8BDF700E2510F /* BoardColumnView.swift */,
				D048A6CE2ACBD00000D5B92E /* BoardNoteViewModel.swift */,
				D048A6D42ACBD4E200D5B92E /* BoardNoteBuilder.swift */,
				D04004FF2ABA6C1200A9DEE2 /* NoteCardView.swift */,
			);
			path = BoardSubViews;
			sourceTree = "<group>";
		};
		D0DCCE512AB76F1900276F1D /* Note */ = {
			isa = PBXGroup;
			children = (
				D0DCCE562AB7833C00276F1D /* NoteBuilder.swift */,
				D0DCCE522AB76F2400276F1D /* NoteView.swift */,
				D0DCCE542AB76F4D00276F1D /* NoteViewModel.swift */,
				D048A6C72ACBC87500D5B92E /* ToDoListView.swift */,
				D048A6CC2ACBCFA300D5B92E /* BoardNoteView.swift */,
				D0DCCE4C2AB65DA500276F1D /* BoardSubViews */,
			);
			path = Note;
			sourceTree = "<group>";
		};
		D0ED2EA22A802AE300828887 /* App */ = {
			isa = PBXGroup;
			children = (
				D0DA8B962A7D7DAF00458284 /* TaskCycleApp.swift */,
				D036B4C12A8AF128007F121C /* AppDelegate.swift */,
			);
			path = App;
			sourceTree = "<group>";
		};
		D0ED2EA32A802AED00828887 /* Features */ = {
			isa = PBXGroup;
			children = (
				D0DCCE512AB76F1900276F1D /* Note */,
				D0267E0D2A91343A0079F90E /* Main */,
				D0ED2EEF2A80332600828887 /* Daily */,
				D0267DF72A9073DD0079F90E /* Notes */,
				D0C996942A886FE30085481B /* Settings */,
				D0ED2ECE2A802C4600828887 /* Register */,
				D0ED2EC12A802BE900828887 /* Login */,
			);
			path = Features;
			sourceTree = "<group>";
		};
		D0ED2EAD2A802B9B00828887 /* UI */ = {
			isa = PBXGroup;
			children = (
				D0ED2EAE2A802BA700828887 /* Components */,
				D0ED2EA32A802AED00828887 /* Features */,
			);
			path = UI;
			sourceTree = "<group>";
		};
		D0ED2EAE2A802BA700828887 /* Components */ = {
			isa = PBXGroup;
			children = (
				D0ED2EAF2A802BA700828887 /* Views */,
			);
			path = Components;
			sourceTree = "<group>";
		};
		D0ED2EAF2A802BA700828887 /* Views */ = {
			isa = PBXGroup;
			children = (
				D0ED2EB02A802BA700828887 /* TextFieldView.swift */,
				D0ED2EB12A802BA700828887 /* PlusButton.swift */,
				D0ED2EB32A802BA700828887 /* PrimaryButton.swift */,
				D0ED2EB42A802BA700828887 /* ToggleButton.swift */,
				D0ED2EB62A802BA700828887 /* GradientView.swift */,
				D0ED2EB72A802BA700828887 /* LoadingView.swift */,
				D0ED2EEB2A802EB000828887 /* LogoView.swift */,
				D0C996922A86D74B0085481B /* KeyboardButton.swift */,
				D0B3B0CD2A8A9A94001B14D1 /* SignInWithButton.swift */,
				D0A3315A2AB4EAC00047FA20 /* LayeredBackground.swift */,
				D06F591D2AB7DB6D00E2510F /* SecondaryButton.swift */,
			);
			path = Views;
			sourceTree = "<group>";
		};
		D0ED2EC02A802BC400828887 /* Resources */ = {
			isa = PBXGroup;
			children = (
				D0DA8B9A2A7D7DB000458284 /* Assets.xcassets */,
			);
			path = Resources;
			sourceTree = "<group>";
		};
		D0ED2EC12A802BE900828887 /* Login */ = {
			isa = PBXGroup;
			children = (
				D0ED2EC42A802BE900828887 /* LoginView.swift */,
				D0ED2EC32A802BE900828887 /* LoginViewModel.swift */,
			);
			path = Login;
			sourceTree = "<group>";
		};
		D0ED2EC92A802C1200828887 /* Utils */ = {
			isa = PBXGroup;
			children = (
				D0ED2ECA2A802C1200828887 /* StatefulPreviewWrapper.swift */,
				D0ED2ECB2A802C1200828887 /* ScreenSize.swift */,
				D098D8182A84330D005E534C /* OffsetKey.swift */,
			);
			path = Utils;
			sourceTree = "<group>";
		};
		D0ED2ECE2A802C4600828887 /* Register */ = {
			isa = PBXGroup;
			children = (
				D0ED2ED32A802C4600828887 /* RegisterView.swift */,
				D0ED2ED02A802C4600828887 /* RegisterViewModel.swift */,
			);
			path = Register;
			sourceTree = "<group>";
		};
		D0ED2EDB2A802D4400828887 /* Extensions */ = {
			isa = PBXGroup;
			children = (
				D0ED2EDD2A802D4400828887 /* BindingExtension.swift */,
				D048A6BF2ACB8A1200D5B92E /* FirestoreEndpointExtension.swift */,
				D0ED2EDC2A802D4400828887 /* EncodableExtension.swift */,
				D0ED2EDE2A802D4400828887 /* AlignmentExtension.swift */,
				D0ED2EFB2A81AA2500828887 /* DateExtension.swift */,
				D0ED2EDF2A802D4400828887 /* PreferenceKeyExtension.swift */,
				D0ED2EF52A81A2D600828887 /* ColorExtension.swift */,
				D0ED2EF72A81A86600828887 /* ViewExtension.swift */,
			);
			path = Extensions;
			sourceTree = "<group>";
		};
		D0ED2EE42A802D7800828887 /* Data */ = {
			isa = PBXGroup;
			children = (
				D048A6BA2ACB7C5600D5B92E /* Services */,
				D092C5CB2AC3359A000EFD71 /* Endpoints */,
				D0907A532AB1073100353AAA /* Models */,
			);
			path = Data;
			sourceTree = "<group>";
		};
		D0ED2EEF2A80332600828887 /* Daily */ = {
			isa = PBXGroup;
			children = (
				D0ED2EED2A80330D00828887 /* DailyView.swift */,
				D098D81A2A843570005E534C /* DailyViewModel.swift */,
				D0ED2EF02A80332E00828887 /* SubViews */,
			);
			path = Daily;
			sourceTree = "<group>";
		};
		D0ED2EF02A80332E00828887 /* SubViews */ = {
			isa = PBXGroup;
			children = (
				D0C996902A86C4D80085481B /* ToDoRow.swift */,
				D098D83C2A85A396005E534C /* WeekSliderView.swift */,
				D098D83A2A85A17C005E534C /* CustomDateView.swift */,
				D0ED2EFD2A81B20000828887 /* ProfileImage.swift */,
			);
			path = SubViews;
			sourceTree = "<group>";
		};
/* End PBXGroup section */

/* Begin PBXNativeTarget section */
		D0C5F72C2A981FDA00D5CE44 /* TaskCycleWidgetExtension */ = {
			isa = PBXNativeTarget;
			buildConfigurationList = D0C5F7412A981FDB00D5CE44 /* Build configuration list for PBXNativeTarget "TaskCycleWidgetExtension" */;
			buildPhases = (
				D0C5F7292A981FDA00D5CE44 /* Sources */,
				D0C5F72A2A981FDA00D5CE44 /* Frameworks */,
				D0C5F72B2A981FDA00D5CE44 /* Resources */,
			);
			buildRules = (
			);
			dependencies = (
			);
			name = TaskCycleWidgetExtension;
			productName = TaskCycleWidgetExtension;
			productReference = D0C5F72D2A981FDA00D5CE44 /* TaskCycleWidgetExtension.appex */;
			productType = "com.apple.product-type.app-extension";
		};
		D0DA8B922A7D7DAF00458284 /* TaskCycle */ = {
			isa = PBXNativeTarget;
			buildConfigurationList = D0DA8BA12A7D7DB000458284 /* Build configuration list for PBXNativeTarget "TaskCycle" */;
			buildPhases = (
				D0DA8B8F2A7D7DAF00458284 /* Sources */,
				D0DA8B902A7D7DAF00458284 /* Frameworks */,
				D0DA8B912A7D7DAF00458284 /* Resources */,
				D0C5F73E2A981FDB00D5CE44 /* Embed Foundation Extensions */,
			);
			buildRules = (
			);
			dependencies = (
				D0C5F73C2A981FDB00D5CE44 /* PBXTargetDependency */,
			);
			name = TaskCycle;
			packageProductDependencies = (
				D0DA8BA72A7D80DE00458284 /* FirebaseAuth */,
				D0DA8BA92A7D80DE00458284 /* FirebaseFirestore */,
				D0DA8BAB2A7D80DE00458284 /* FirebaseFirestoreSwift */,
				D0B3B0C42A8A938C001B14D1 /* GoogleSignIn */,
				D0B3B0C62A8A938C001B14D1 /* GoogleSignInSwift */,
				D0A94FD02A91B12F00656814 /* EmojiPicker */,
				D0E746382AB3FAB80025A0C7 /* SwiftKeychainWrapper */,
				D0A3315D2AB5058B0047FA20 /* Algorithms */,
				D04C5B182AC4C1D6002D4A2A /* FirestoreService */,
			);
			productName = TaskCycle;
			productReference = D0DA8B932A7D7DAF00458284 /* TaskCycle.app */;
			productType = "com.apple.product-type.application";
		};
/* End PBXNativeTarget section */

/* Begin PBXProject section */
		D0DA8B8B2A7D7DAE00458284 /* Project object */ = {
			isa = PBXProject;
			attributes = {
				BuildIndependentTargetsInParallel = 1;
				LastSwiftUpdateCheck = 1430;
				LastUpgradeCheck = 1430;
				TargetAttributes = {
					D0C5F72C2A981FDA00D5CE44 = {
						CreatedOnToolsVersion = 14.3.1;
					};
					D0DA8B922A7D7DAF00458284 = {
						CreatedOnToolsVersion = 14.3.1;
					};
				};
			};
			buildConfigurationList = D0DA8B8E2A7D7DAE00458284 /* Build configuration list for PBXProject "TaskCycle" */;
			compatibilityVersion = "Xcode 14.0";
			developmentRegion = en;
			hasScannedForEncodings = 0;
			knownRegions = (
				en,
				Base,
			);
			mainGroup = D0DA8B8A2A7D7DAE00458284;
			packageReferences = (
				D0DA8BA62A7D80DE00458284 /* XCRemoteSwiftPackageReference "firebase-ios-sdk" */,
				D0B3B0C32A8A938C001B14D1 /* XCRemoteSwiftPackageReference "GoogleSignIn-iOS" */,
				D0A94FCF2A91B12F00656814 /* XCRemoteSwiftPackageReference "EmojiPicker" */,
				D0E746372AB3FAB80025A0C7 /* XCRemoteSwiftPackageReference "SwiftKeychainWrapper" */,
				D0A3315C2AB5058B0047FA20 /* XCRemoteSwiftPackageReference "swift-algorithms" */,
				D04C5B172AC4C1D5002D4A2A /* XCRemoteSwiftPackageReference "FirestoreService" */,
			);
			productRefGroup = D0DA8B942A7D7DAF00458284 /* Products */;
			projectDirPath = "";
			projectRoot = "";
			targets = (
				D0DA8B922A7D7DAF00458284 /* TaskCycle */,
				D0C5F72C2A981FDA00D5CE44 /* TaskCycleWidgetExtension */,
			);
		};
/* End PBXProject section */

/* Begin PBXResourcesBuildPhase section */
		D0C5F72B2A981FDA00D5CE44 /* Resources */ = {
			isa = PBXResourcesBuildPhase;
			buildActionMask = 2147483647;
			files = (
				D0C5F7392A981FDB00D5CE44 /* Assets.xcassets in Resources */,
			);
			runOnlyForDeploymentPostprocessing = 0;
		};
		D0DA8B912A7D7DAF00458284 /* Resources */ = {
			isa = PBXResourcesBuildPhase;
			buildActionMask = 2147483647;
			files = (
				D0DA8B9E2A7D7DB000458284 /* Preview Assets.xcassets in Resources */,
				D0DA8B9B2A7D7DB000458284 /* Assets.xcassets in Resources */,
				D036B4C02A8AE92E007F121C /* GoogleService-Info.plist in Resources */,
			);
			runOnlyForDeploymentPostprocessing = 0;
		};
/* End PBXResourcesBuildPhase section */

/* Begin PBXSourcesBuildPhase section */
		D0C5F7292A981FDA00D5CE44 /* Sources */ = {
			isa = PBXSourcesBuildPhase;
			buildActionMask = 2147483647;
			files = (
				D0C5F7352A981FDA00D5CE44 /* TaskCycleWidgetBundle.swift in Sources */,
				D0C5F7372A981FDA00D5CE44 /* TaskCycleWidget.swift in Sources */,
			);
			runOnlyForDeploymentPostprocessing = 0;
		};
		D0DA8B8F2A7D7DAF00458284 /* Sources */ = {
			isa = PBXSourcesBuildPhase;
			buildActionMask = 2147483647;
			files = (
				D0A3315B2AB4EAC00047FA20 /* LayeredBackground.swift in Sources */,
				D0267E002A912DDB0079F90E /* NotesViewModel.swift in Sources */,
				D048A6C02ACB8A1200D5B92E /* FirestoreEndpointExtension.swift in Sources */,
				D036B4C22A8AF128007F121C /* AppDelegate.swift in Sources */,
				D048A6BC2ACB7CC400D5B92E /* NotesService.swift in Sources */,
				D0DCCE532AB76F2400276F1D /* NoteView.swift in Sources */,
				D0ED2ED42A802C4600828887 /* RegisterViewModel.swift in Sources */,
				D04005002ABA6C1200A9DEE2 /* NoteCardView.swift in Sources */,
				D0ED2ECC2A802C1200828887 /* StatefulPreviewWrapper.swift in Sources */,
				D0ED2EEA2A802D7800828887 /* ToDoItem.swift in Sources */,
				D0ED2EE12A802D4400828887 /* BindingExtension.swift in Sources */,
				D0ED2EC72A802BE900828887 /* LoginViewModel.swift in Sources */,
				D0ED2EFC2A81AA2500828887 /* DateExtension.swift in Sources */,
				D0ED2EF62A81A2D600828887 /* ColorExtension.swift in Sources */,
				D098D83B2A85A17C005E534C /* CustomDateView.swift in Sources */,
				D0A94FCE2A91AB9E00656814 /* IconView.swift in Sources */,
				D0ED2ECD2A802C1200828887 /* ScreenSize.swift in Sources */,
				D0DCCE552AB76F4D00276F1D /* NoteViewModel.swift in Sources */,
				D0ED2EEE2A80330D00828887 /* DailyView.swift in Sources */,
				D0ED2EBE2A802BA700828887 /* GradientView.swift in Sources */,
				D0B3B0CE2A8A9A94001B14D1 /* SignInWithButton.swift in Sources */,
				D0ED2EB82A802BA700828887 /* TextFieldView.swift in Sources */,
				D0ED2EEC2A802EB000828887 /* LogoView.swift in Sources */,
				D0ED2EE22A802D4400828887 /* AlignmentExtension.swift in Sources */,
				D092C5CD2AC335A6000EFD71 /* NotesEndpoint.swift in Sources */,
				D0DA8B972A7D7DAF00458284 /* TaskCycleApp.swift in Sources */,
				D0C996962A886FF20085481B /* SettingsView.swift in Sources */,
				D0C996912A86C4D80085481B /* ToDoRow.swift in Sources */,
				D0ED2EFE2A81B20000828887 /* ProfileImage.swift in Sources */,
				D048A6BE2ACB81F500D5B92E /* DailyEndpoint.swift in Sources */,
				D0267E042A91300C0079F90E /* Note.swift in Sources */,
				D0ED2EE82A802D7800828887 /* WeekDay.swift in Sources */,
				D0ED2EC82A802BE900828887 /* LoginView.swift in Sources */,
				D0DCCE572AB7833C00276F1D /* NoteBuilder.swift in Sources */,
				D0ED2EE02A802D4400828887 /* EncodableExtension.swift in Sources */,
				D0ED2EBF2A802BA700828887 /* LoadingView.swift in Sources */,
				D06F59222AB8C02500E2510F /* BoardColumn.swift in Sources */,
				D036B4C42A8AF590007F121C /* MainView.swift in Sources */,
				D048A6C22ACB9C1600D5B92E /* TaskModel.swift in Sources */,
				D0ED2EBC2A802BA700828887 /* ToggleButton.swift in Sources */,
				D048A6CD2ACBCFA300D5B92E /* BoardNoteView.swift in Sources */,
				D0ED2EB92A802BA700828887 /* PlusButton.swift in Sources */,
				D0267DFE2A912D080079F90E /* NoteRow.swift in Sources */,
				D048A6C82ACBC87500D5B92E /* ToDoListView.swift in Sources */,
				D0C996932A86D74B0085481B /* KeyboardButton.swift in Sources */,
				D0267DF92A9073EA0079F90E /* NotesView.swift in Sources */,
				D098D81B2A843570005E534C /* DailyViewModel.swift in Sources */,
				D0907A552AB108FE00353AAA /* DailyService.swift in Sources */,
				D0ED2EE32A802D4400828887 /* PreferenceKeyExtension.swift in Sources */,
				D0ED2EF82A81A86600828887 /* ViewExtension.swift in Sources */,
				D06F59202AB8BDF700E2510F /* BoardColumnView.swift in Sources */,
				D098D8192A84330D005E534C /* OffsetKey.swift in Sources */,
				D0ED2EE92A802D7800828887 /* User.swift in Sources */,
				D098D83D2A85A396005E534C /* WeekSliderView.swift in Sources */,
				D06F591E2AB7DB6D00E2510F /* SecondaryButton.swift in Sources */,
				D048A6D52ACBD4E200D5B92E /* BoardNoteBuilder.swift in Sources */,
				D0ED2ED52A802C4600828887 /* RegisterView.swift in Sources */,
				D048A6CF2ACBD00000D5B92E /* BoardNoteViewModel.swift in Sources */,
				D0ED2EBB2A802BA700828887 /* PrimaryButton.swift in Sources */,
				D0267DF62A8F09490079F90E /* MainViewModel.swift in Sources */,
			);
			runOnlyForDeploymentPostprocessing = 0;
		};
/* End PBXSourcesBuildPhase section */

/* Begin PBXTargetDependency section */
		D0C5F73C2A981FDB00D5CE44 /* PBXTargetDependency */ = {
			isa = PBXTargetDependency;
			target = D0C5F72C2A981FDA00D5CE44 /* TaskCycleWidgetExtension */;
			targetProxy = D0C5F73B2A981FDB00D5CE44 /* PBXContainerItemProxy */;
		};
/* End PBXTargetDependency section */

/* Begin XCBuildConfiguration section */
		D0C5F73F2A981FDB00D5CE44 /* Debug */ = {
			isa = XCBuildConfiguration;
			buildSettings = {
				ASSETCATALOG_COMPILER_GLOBAL_ACCENT_COLOR_NAME = AccentColor;
				ASSETCATALOG_COMPILER_WIDGET_BACKGROUND_COLOR_NAME = WidgetBackground;
				CODE_SIGN_STYLE = Automatic;
				CURRENT_PROJECT_VERSION = 1;
				DEVELOPMENT_TEAM = JGMV95L4F7;
				GENERATE_INFOPLIST_FILE = YES;
				INFOPLIST_FILE = TaskCycleWidget/Info.plist;
				INFOPLIST_KEY_CFBundleDisplayName = TaskCycleWidget;
				INFOPLIST_KEY_NSHumanReadableCopyright = "";
				IPHONEOS_DEPLOYMENT_TARGET = 16.4;
				LD_RUNPATH_SEARCH_PATHS = (
					"$(inherited)",
					"@executable_path/Frameworks",
					"@executable_path/../../Frameworks",
				);
				MARKETING_VERSION = 1.0;
				PRODUCT_BUNDLE_IDENTIFIER = com.eyupyasuntimur.TaskCycle.TaskCycleWidget;
				PRODUCT_NAME = "$(TARGET_NAME)";
				SKIP_INSTALL = YES;
				SWIFT_EMIT_LOC_STRINGS = YES;
				SWIFT_VERSION = 5.0;
				TARGETED_DEVICE_FAMILY = "1,2";
			};
			name = Debug;
		};
		D0C5F7402A981FDB00D5CE44 /* Release */ = {
			isa = XCBuildConfiguration;
			buildSettings = {
				ASSETCATALOG_COMPILER_GLOBAL_ACCENT_COLOR_NAME = AccentColor;
				ASSETCATALOG_COMPILER_WIDGET_BACKGROUND_COLOR_NAME = WidgetBackground;
				CODE_SIGN_STYLE = Automatic;
				CURRENT_PROJECT_VERSION = 1;
				DEVELOPMENT_TEAM = JGMV95L4F7;
				GENERATE_INFOPLIST_FILE = YES;
				INFOPLIST_FILE = TaskCycleWidget/Info.plist;
				INFOPLIST_KEY_CFBundleDisplayName = TaskCycleWidget;
				INFOPLIST_KEY_NSHumanReadableCopyright = "";
				IPHONEOS_DEPLOYMENT_TARGET = 16.4;
				LD_RUNPATH_SEARCH_PATHS = (
					"$(inherited)",
					"@executable_path/Frameworks",
					"@executable_path/../../Frameworks",
				);
				MARKETING_VERSION = 1.0;
				PRODUCT_BUNDLE_IDENTIFIER = com.eyupyasuntimur.TaskCycle.TaskCycleWidget;
				PRODUCT_NAME = "$(TARGET_NAME)";
				SKIP_INSTALL = YES;
				SWIFT_EMIT_LOC_STRINGS = YES;
				SWIFT_VERSION = 5.0;
				TARGETED_DEVICE_FAMILY = "1,2";
			};
			name = Release;
		};
		D0DA8B9F2A7D7DB000458284 /* Debug */ = {
			isa = XCBuildConfiguration;
			buildSettings = {
				ALWAYS_SEARCH_USER_PATHS = NO;
				CLANG_ANALYZER_NONNULL = YES;
				CLANG_ANALYZER_NUMBER_OBJECT_CONVERSION = YES_AGGRESSIVE;
				CLANG_CXX_LANGUAGE_STANDARD = "gnu++20";
				CLANG_ENABLE_MODULES = YES;
				CLANG_ENABLE_OBJC_ARC = YES;
				CLANG_ENABLE_OBJC_WEAK = YES;
				CLANG_WARN_BLOCK_CAPTURE_AUTORELEASING = YES;
				CLANG_WARN_BOOL_CONVERSION = YES;
				CLANG_WARN_COMMA = YES;
				CLANG_WARN_CONSTANT_CONVERSION = YES;
				CLANG_WARN_DEPRECATED_OBJC_IMPLEMENTATIONS = YES;
				CLANG_WARN_DIRECT_OBJC_ISA_USAGE = YES_ERROR;
				CLANG_WARN_DOCUMENTATION_COMMENTS = YES;
				CLANG_WARN_EMPTY_BODY = YES;
				CLANG_WARN_ENUM_CONVERSION = YES;
				CLANG_WARN_INFINITE_RECURSION = YES;
				CLANG_WARN_INT_CONVERSION = YES;
				CLANG_WARN_NON_LITERAL_NULL_CONVERSION = YES;
				CLANG_WARN_OBJC_IMPLICIT_RETAIN_SELF = YES;
				CLANG_WARN_OBJC_LITERAL_CONVERSION = YES;
				CLANG_WARN_OBJC_ROOT_CLASS = YES_ERROR;
				CLANG_WARN_QUOTED_INCLUDE_IN_FRAMEWORK_HEADER = YES;
				CLANG_WARN_RANGE_LOOP_ANALYSIS = YES;
				CLANG_WARN_STRICT_PROTOTYPES = YES;
				CLANG_WARN_SUSPICIOUS_MOVE = YES;
				CLANG_WARN_UNGUARDED_AVAILABILITY = YES_AGGRESSIVE;
				CLANG_WARN_UNREACHABLE_CODE = YES;
				CLANG_WARN__DUPLICATE_METHOD_MATCH = YES;
				COPY_PHASE_STRIP = NO;
				DEBUG_INFORMATION_FORMAT = dwarf;
				ENABLE_STRICT_OBJC_MSGSEND = YES;
				ENABLE_TESTABILITY = YES;
				GCC_C_LANGUAGE_STANDARD = gnu11;
				GCC_DYNAMIC_NO_PIC = NO;
				GCC_NO_COMMON_BLOCKS = YES;
				GCC_OPTIMIZATION_LEVEL = 0;
				GCC_PREPROCESSOR_DEFINITIONS = (
					"DEBUG=1",
					"$(inherited)",
				);
				GCC_WARN_64_TO_32_BIT_CONVERSION = YES;
				GCC_WARN_ABOUT_RETURN_TYPE = YES_ERROR;
				GCC_WARN_UNDECLARED_SELECTOR = YES;
				GCC_WARN_UNINITIALIZED_AUTOS = YES_AGGRESSIVE;
				GCC_WARN_UNUSED_FUNCTION = YES;
				GCC_WARN_UNUSED_VARIABLE = YES;
				IPHONEOS_DEPLOYMENT_TARGET = 16.3;
				MTL_ENABLE_DEBUG_INFO = INCLUDE_SOURCE;
				MTL_FAST_MATH = YES;
				ONLY_ACTIVE_ARCH = YES;
				SDKROOT = iphoneos;
				SWIFT_ACTIVE_COMPILATION_CONDITIONS = DEBUG;
				SWIFT_OPTIMIZATION_LEVEL = "-Onone";
			};
			name = Debug;
		};
		D0DA8BA02A7D7DB000458284 /* Release */ = {
			isa = XCBuildConfiguration;
			buildSettings = {
				ALWAYS_SEARCH_USER_PATHS = NO;
				CLANG_ANALYZER_NONNULL = YES;
				CLANG_ANALYZER_NUMBER_OBJECT_CONVERSION = YES_AGGRESSIVE;
				CLANG_CXX_LANGUAGE_STANDARD = "gnu++20";
				CLANG_ENABLE_MODULES = YES;
				CLANG_ENABLE_OBJC_ARC = YES;
				CLANG_ENABLE_OBJC_WEAK = YES;
				CLANG_WARN_BLOCK_CAPTURE_AUTORELEASING = YES;
				CLANG_WARN_BOOL_CONVERSION = YES;
				CLANG_WARN_COMMA = YES;
				CLANG_WARN_CONSTANT_CONVERSION = YES;
				CLANG_WARN_DEPRECATED_OBJC_IMPLEMENTATIONS = YES;
				CLANG_WARN_DIRECT_OBJC_ISA_USAGE = YES_ERROR;
				CLANG_WARN_DOCUMENTATION_COMMENTS = YES;
				CLANG_WARN_EMPTY_BODY = YES;
				CLANG_WARN_ENUM_CONVERSION = YES;
				CLANG_WARN_INFINITE_RECURSION = YES;
				CLANG_WARN_INT_CONVERSION = YES;
				CLANG_WARN_NON_LITERAL_NULL_CONVERSION = YES;
				CLANG_WARN_OBJC_IMPLICIT_RETAIN_SELF = YES;
				CLANG_WARN_OBJC_LITERAL_CONVERSION = YES;
				CLANG_WARN_OBJC_ROOT_CLASS = YES_ERROR;
				CLANG_WARN_QUOTED_INCLUDE_IN_FRAMEWORK_HEADER = YES;
				CLANG_WARN_RANGE_LOOP_ANALYSIS = YES;
				CLANG_WARN_STRICT_PROTOTYPES = YES;
				CLANG_WARN_SUSPICIOUS_MOVE = YES;
				CLANG_WARN_UNGUARDED_AVAILABILITY = YES_AGGRESSIVE;
				CLANG_WARN_UNREACHABLE_CODE = YES;
				CLANG_WARN__DUPLICATE_METHOD_MATCH = YES;
				COPY_PHASE_STRIP = NO;
				DEBUG_INFORMATION_FORMAT = "dwarf-with-dsym";
				ENABLE_NS_ASSERTIONS = NO;
				ENABLE_STRICT_OBJC_MSGSEND = YES;
				GCC_C_LANGUAGE_STANDARD = gnu11;
				GCC_NO_COMMON_BLOCKS = YES;
				GCC_WARN_64_TO_32_BIT_CONVERSION = YES;
				GCC_WARN_ABOUT_RETURN_TYPE = YES_ERROR;
				GCC_WARN_UNDECLARED_SELECTOR = YES;
				GCC_WARN_UNINITIALIZED_AUTOS = YES_AGGRESSIVE;
				GCC_WARN_UNUSED_FUNCTION = YES;
				GCC_WARN_UNUSED_VARIABLE = YES;
				IPHONEOS_DEPLOYMENT_TARGET = 16.3;
				MTL_ENABLE_DEBUG_INFO = NO;
				MTL_FAST_MATH = YES;
				SDKROOT = iphoneos;
				SWIFT_COMPILATION_MODE = wholemodule;
				SWIFT_OPTIMIZATION_LEVEL = "-O";
				VALIDATE_PRODUCT = YES;
			};
			name = Release;
		};
		D0DA8BA22A7D7DB000458284 /* Debug */ = {
			isa = XCBuildConfiguration;
			buildSettings = {
				ALWAYS_EMBED_SWIFT_STANDARD_LIBRARIES = YES;
				ASSETCATALOG_COMPILER_APPICON_NAME = AppIcon;
				ASSETCATALOG_COMPILER_GLOBAL_ACCENT_COLOR_NAME = AccentColor;
				CODE_SIGN_STYLE = Automatic;
				CURRENT_PROJECT_VERSION = 1;
				DEVELOPMENT_ASSET_PATHS = "\"TaskCycle/Preview Content\"";
				DEVELOPMENT_TEAM = JGMV95L4F7;
				ENABLE_PREVIEWS = YES;
				GENERATE_INFOPLIST_FILE = YES;
				INFOPLIST_FILE = TaskCycle/Info.plist;
				INFOPLIST_KEY_UIApplicationSceneManifest_Generation = YES;
				INFOPLIST_KEY_UIApplicationSupportsIndirectInputEvents = YES;
				INFOPLIST_KEY_UILaunchScreen_Generation = YES;
				INFOPLIST_KEY_UIRequiresFullScreen = YES;
				INFOPLIST_KEY_UIStatusBarStyle = "";
				INFOPLIST_KEY_UISupportedInterfaceOrientations = "UIInterfaceOrientationLandscapeLeft UIInterfaceOrientationLandscapeRight UIInterfaceOrientationPortrait";
				IPHONEOS_DEPLOYMENT_TARGET = 16.4;
				LD_RUNPATH_SEARCH_PATHS = (
					"$(inherited)",
					"@executable_path/Frameworks",
				);
				MARKETING_VERSION = 1.0;
				PRODUCT_BUNDLE_IDENTIFIER = com.eyupyasuntimur.TaskCycle;
				PRODUCT_NAME = "$(TARGET_NAME)";
				SUPPORTED_PLATFORMS = "iphoneos iphonesimulator";
				SUPPORTS_MACCATALYST = NO;
				SUPPORTS_MAC_DESIGNED_FOR_IPHONE_IPAD = YES;
				SUPPORTS_XR_DESIGNED_FOR_IPHONE_IPAD = NO;
				SWIFT_EMIT_LOC_STRINGS = YES;
				SWIFT_VERSION = 5.0;
				TARGETED_DEVICE_FAMILY = "1,2";
			};
			name = Debug;
		};
		D0DA8BA32A7D7DB000458284 /* Release */ = {
			isa = XCBuildConfiguration;
			buildSettings = {
				ALWAYS_EMBED_SWIFT_STANDARD_LIBRARIES = YES;
				ASSETCATALOG_COMPILER_APPICON_NAME = AppIcon;
				ASSETCATALOG_COMPILER_GLOBAL_ACCENT_COLOR_NAME = AccentColor;
				CODE_SIGN_STYLE = Automatic;
				CURRENT_PROJECT_VERSION = 1;
				DEVELOPMENT_ASSET_PATHS = "\"TaskCycle/Preview Content\"";
				DEVELOPMENT_TEAM = JGMV95L4F7;
				ENABLE_PREVIEWS = YES;
				GENERATE_INFOPLIST_FILE = YES;
				INFOPLIST_FILE = TaskCycle/Info.plist;
				INFOPLIST_KEY_UIApplicationSceneManifest_Generation = YES;
				INFOPLIST_KEY_UIApplicationSupportsIndirectInputEvents = YES;
				INFOPLIST_KEY_UILaunchScreen_Generation = YES;
				INFOPLIST_KEY_UIRequiresFullScreen = YES;
				INFOPLIST_KEY_UIStatusBarStyle = "";
				INFOPLIST_KEY_UISupportedInterfaceOrientations = "UIInterfaceOrientationLandscapeLeft UIInterfaceOrientationLandscapeRight UIInterfaceOrientationPortrait";
				IPHONEOS_DEPLOYMENT_TARGET = 16.4;
				LD_RUNPATH_SEARCH_PATHS = (
					"$(inherited)",
					"@executable_path/Frameworks",
				);
				MARKETING_VERSION = 1.0;
				PRODUCT_BUNDLE_IDENTIFIER = com.eyupyasuntimur.TaskCycle;
				PRODUCT_NAME = "$(TARGET_NAME)";
				SUPPORTED_PLATFORMS = "iphoneos iphonesimulator";
				SUPPORTS_MACCATALYST = NO;
				SUPPORTS_MAC_DESIGNED_FOR_IPHONE_IPAD = YES;
				SUPPORTS_XR_DESIGNED_FOR_IPHONE_IPAD = NO;
				SWIFT_EMIT_LOC_STRINGS = YES;
				SWIFT_VERSION = 5.0;
				TARGETED_DEVICE_FAMILY = "1,2";
			};
			name = Release;
		};
/* End XCBuildConfiguration section */

/* Begin XCConfigurationList section */
		D0C5F7412A981FDB00D5CE44 /* Build configuration list for PBXNativeTarget "TaskCycleWidgetExtension" */ = {
			isa = XCConfigurationList;
			buildConfigurations = (
				D0C5F73F2A981FDB00D5CE44 /* Debug */,
				D0C5F7402A981FDB00D5CE44 /* Release */,
			);
			defaultConfigurationIsVisible = 0;
			defaultConfigurationName = Release;
		};
		D0DA8B8E2A7D7DAE00458284 /* Build configuration list for PBXProject "TaskCycle" */ = {
			isa = XCConfigurationList;
			buildConfigurations = (
				D0DA8B9F2A7D7DB000458284 /* Debug */,
				D0DA8BA02A7D7DB000458284 /* Release */,
			);
			defaultConfigurationIsVisible = 0;
			defaultConfigurationName = Release;
		};
		D0DA8BA12A7D7DB000458284 /* Build configuration list for PBXNativeTarget "TaskCycle" */ = {
			isa = XCConfigurationList;
			buildConfigurations = (
				D0DA8BA22A7D7DB000458284 /* Debug */,
				D0DA8BA32A7D7DB000458284 /* Release */,
			);
			defaultConfigurationIsVisible = 0;
			defaultConfigurationName = Release;
		};
/* End XCConfigurationList section */

/* Begin XCRemoteSwiftPackageReference section */
		D04C5B172AC4C1D5002D4A2A /* XCRemoteSwiftPackageReference "FirestoreService" */ = {
			isa = XCRemoteSwiftPackageReference;
			repositoryURL = "https://github.com/yasuntimure/FirestoreService.git";
			requirement = {
				branch = main;
				kind = branch;
			};
		};
		D0A3315C2AB5058B0047FA20 /* XCRemoteSwiftPackageReference "swift-algorithms" */ = {
			isa = XCRemoteSwiftPackageReference;
			repositoryURL = "https://github.com/apple/swift-algorithms.git";
			requirement = {
				kind = upToNextMajorVersion;
				minimumVersion = 1.0.0;
			};
		};
		D0A94FCF2A91B12F00656814 /* XCRemoteSwiftPackageReference "EmojiPicker" */ = {
			isa = XCRemoteSwiftPackageReference;
			repositoryURL = "https://github.com/Kelvas09/EmojiPicker.git";
			requirement = {
				kind = upToNextMajorVersion;
				minimumVersion = 1.0.0;
			};
		};
		D0B3B0C32A8A938C001B14D1 /* XCRemoteSwiftPackageReference "GoogleSignIn-iOS" */ = {
			isa = XCRemoteSwiftPackageReference;
			repositoryURL = "https://github.com/google/GoogleSignIn-iOS";
			requirement = {
				kind = upToNextMajorVersion;
				minimumVersion = 7.0.0;
			};
		};
		D0DA8BA62A7D80DE00458284 /* XCRemoteSwiftPackageReference "firebase-ios-sdk" */ = {
			isa = XCRemoteSwiftPackageReference;
			repositoryURL = "https://github.com/firebase/firebase-ios-sdk.git";
			requirement = {
				kind = upToNextMajorVersion;
				minimumVersion = 10.0.0;
			};
		};
		D0E746372AB3FAB80025A0C7 /* XCRemoteSwiftPackageReference "SwiftKeychainWrapper" */ = {
			isa = XCRemoteSwiftPackageReference;
			repositoryURL = "https://github.com/jrendel/SwiftKeychainWrapper";
			requirement = {
				kind = upToNextMajorVersion;
				minimumVersion = 4.0.1;
			};
		};
/* End XCRemoteSwiftPackageReference section */

/* Begin XCSwiftPackageProductDependency section */
		D04C5B182AC4C1D6002D4A2A /* FirestoreService */ = {
			isa = XCSwiftPackageProductDependency;
			package = D04C5B172AC4C1D5002D4A2A /* XCRemoteSwiftPackageReference "FirestoreService" */;
			productName = FirestoreService;
		};
		D0A3315D2AB5058B0047FA20 /* Algorithms */ = {
			isa = XCSwiftPackageProductDependency;
			package = D0A3315C2AB5058B0047FA20 /* XCRemoteSwiftPackageReference "swift-algorithms" */;
			productName = Algorithms;
		};
		D0A94FD02A91B12F00656814 /* EmojiPicker */ = {
			isa = XCSwiftPackageProductDependency;
			package = D0A94FCF2A91B12F00656814 /* XCRemoteSwiftPackageReference "EmojiPicker" */;
			productName = EmojiPicker;
		};
		D0B3B0C42A8A938C001B14D1 /* GoogleSignIn */ = {
			isa = XCSwiftPackageProductDependency;
			package = D0B3B0C32A8A938C001B14D1 /* XCRemoteSwiftPackageReference "GoogleSignIn-iOS" */;
			productName = GoogleSignIn;
		};
		D0B3B0C62A8A938C001B14D1 /* GoogleSignInSwift */ = {
			isa = XCSwiftPackageProductDependency;
			package = D0B3B0C32A8A938C001B14D1 /* XCRemoteSwiftPackageReference "GoogleSignIn-iOS" */;
			productName = GoogleSignInSwift;
		};
		D0DA8BA72A7D80DE00458284 /* FirebaseAuth */ = {
			isa = XCSwiftPackageProductDependency;
			package = D0DA8BA62A7D80DE00458284 /* XCRemoteSwiftPackageReference "firebase-ios-sdk" */;
			productName = FirebaseAuth;
		};
		D0DA8BA92A7D80DE00458284 /* FirebaseFirestore */ = {
			isa = XCSwiftPackageProductDependency;
			package = D0DA8BA62A7D80DE00458284 /* XCRemoteSwiftPackageReference "firebase-ios-sdk" */;
			productName = FirebaseFirestore;
		};
		D0DA8BAB2A7D80DE00458284 /* FirebaseFirestoreSwift */ = {
			isa = XCSwiftPackageProductDependency;
			package = D0DA8BA62A7D80DE00458284 /* XCRemoteSwiftPackageReference "firebase-ios-sdk" */;
			productName = FirebaseFirestoreSwift;
		};
		D0E746382AB3FAB80025A0C7 /* SwiftKeychainWrapper */ = {
			isa = XCSwiftPackageProductDependency;
			package = D0E746372AB3FAB80025A0C7 /* XCRemoteSwiftPackageReference "SwiftKeychainWrapper" */;
			productName = SwiftKeychainWrapper;
		};
/* End XCSwiftPackageProductDependency section */
	};
	rootObject = D0DA8B8B2A7D7DAE00458284 /* Project object */;
}
